// !$*UTF8*$!
{
	archiveVersion = 1;
	classes = {
	};
	objectVersion = 46;
	objects = {

/* Begin PBXAggregateTarget section */
		"Rockstar::RockstarPackageTests::ProductTarget" /* RockstarPackageTests */ = {
			isa = PBXAggregateTarget;
			buildConfigurationList = OBJ_192 /* Build configuration list for PBXAggregateTarget "RockstarPackageTests" */;
			buildPhases = (
			);
			dependencies = (
				OBJ_195 /* PBXTargetDependency */,
			);
			name = RockstarPackageTests;
			productName = RockstarPackageTests;
		};
/* End PBXAggregateTarget section */

/* Begin PBXBuildFile section */
		OBJ_111 /* AnalyticsCollector.swift in Sources */ = {isa = PBXBuildFile; fileRef = OBJ_10 /* AnalyticsCollector.swift */; };
		OBJ_112 /* MeasurementDataTypes.swift in Sources */ = {isa = PBXBuildFile; fileRef = OBJ_11 /* MeasurementDataTypes.swift */; };
		OBJ_113 /* Reference.swift in Sources */ = {isa = PBXBuildFile; fileRef = OBJ_13 /* Reference.swift */; };
		OBJ_114 /* Store.swift in Sources */ = {isa = PBXBuildFile; fileRef = OBJ_14 /* Store.swift */; };
		OBJ_115 /* Configuration.swift in Sources */ = {isa = PBXBuildFile; fileRef = OBJ_16 /* Configuration.swift */; };
		OBJ_116 /* RockstarError.swift in Sources */ = {isa = PBXBuildFile; fileRef = OBJ_18 /* RockstarError.swift */; };
		OBJ_117 /* Application.swift in Sources */ = {isa = PBXBuildFile; fileRef = OBJ_20 /* Application.swift */; };
		OBJ_118 /* GUIBasics.swift in Sources */ = {isa = PBXBuildFile; fileRef = OBJ_21 /* GUIBasics.swift */; };
		OBJ_119 /* Image.swift in Sources */ = {isa = PBXBuildFile; fileRef = OBJ_22 /* Image.swift */; };
		OBJ_120 /* Location.swift in Sources */ = {isa = PBXBuildFile; fileRef = OBJ_23 /* Location.swift */; };
		OBJ_121 /* Platform.swift in Sources */ = {isa = PBXBuildFile; fileRef = OBJ_24 /* Platform.swift */; };
		OBJ_122 /* Reactivity+Text.swift in Sources */ = {isa = PBXBuildFile; fileRef = OBJ_25 /* Reactivity+Text.swift */; };
		OBJ_123 /* RichText.swift in Sources */ = {isa = PBXBuildFile; fileRef = OBJ_26 /* RichText.swift */; };
		OBJ_124 /* Theming.swift in Sources */ = {isa = PBXBuildFile; fileRef = OBJ_27 /* Theming.swift */; };
		OBJ_125 /* Byte.swift in Sources */ = {isa = PBXBuildFile; fileRef = OBJ_29 /* Byte.swift */; };
		OBJ_126 /* Environment.swift in Sources */ = {isa = PBXBuildFile; fileRef = OBJ_30 /* Environment.swift */; };
		OBJ_127 /* Error.swift in Sources */ = {isa = PBXBuildFile; fileRef = OBJ_31 /* Error.swift */; };
		OBJ_128 /* Generics.swift in Sources */ = {isa = PBXBuildFile; fileRef = OBJ_32 /* Generics.swift */; };
		OBJ_129 /* ParameterSet.swift in Sources */ = {isa = PBXBuildFile; fileRef = OBJ_33 /* ParameterSet.swift */; };
		OBJ_130 /* Source.swift in Sources */ = {isa = PBXBuildFile; fileRef = OBJ_34 /* Source.swift */; };
		OBJ_131 /* Time.swift in Sources */ = {isa = PBXBuildFile; fileRef = OBJ_35 /* Time.swift */; };
		OBJ_132 /* URL.swift in Sources */ = {isa = PBXBuildFile; fileRef = OBJ_36 /* URL.swift */; };
		OBJ_133 /* Value+OutputStream.swift in Sources */ = {isa = PBXBuildFile; fileRef = OBJ_37 /* Value+OutputStream.swift */; };
		OBJ_134 /* Alamofire.swift in Sources */ = {isa = PBXBuildFile; fileRef = OBJ_39 /* Alamofire.swift */; };
		OBJ_135 /* FabricLogger.swift in Sources */ = {isa = PBXBuildFile; fileRef = OBJ_40 /* FabricLogger.swift */; };
		OBJ_136 /* RxSwift.swift in Sources */ = {isa = PBXBuildFile; fileRef = OBJ_41 /* RxSwift.swift */; };
		OBJ_137 /* Texture.swift in Sources */ = {isa = PBXBuildFile; fileRef = OBJ_42 /* Texture.swift */; };
		OBJ_138 /* XCGLogger.swift in Sources */ = {isa = PBXBuildFile; fileRef = OBJ_43 /* XCGLogger.swift */; };
		OBJ_139 /* Logging.swift in Sources */ = {isa = PBXBuildFile; fileRef = OBJ_45 /* Logging.swift */; };
		OBJ_140 /* PrintLogger.swift in Sources */ = {isa = PBXBuildFile; fileRef = OBJ_46 /* PrintLogger.swift */; };
		OBJ_141 /* Content.swift in Sources */ = {isa = PBXBuildFile; fileRef = OBJ_49 /* Content.swift */; };
		OBJ_142 /* HTTP+Content.swift in Sources */ = {isa = PBXBuildFile; fileRef = OBJ_50 /* HTTP+Content.swift */; };
		OBJ_143 /* HTTPClient.swift in Sources */ = {isa = PBXBuildFile; fileRef = OBJ_51 /* HTTPClient.swift */; };
		OBJ_144 /* HTTPHeader.swift in Sources */ = {isa = PBXBuildFile; fileRef = OBJ_52 /* HTTPHeader.swift */; };
		OBJ_145 /* HTTPModels.swift in Sources */ = {isa = PBXBuildFile; fileRef = OBJ_53 /* HTTPModels.swift */; };
		OBJ_146 /* Multipart.swift in Sources */ = {isa = PBXBuildFile; fileRef = OBJ_54 /* Multipart.swift */; };
		OBJ_147 /* URLSession.swift in Sources */ = {isa = PBXBuildFile; fileRef = OBJ_55 /* URLSession.swift */; };
		OBJ_148 /* NetworkStatus.swift in Sources */ = {isa = PBXBuildFile; fileRef = OBJ_57 /* NetworkStatus.swift */; };
		OBJ_149 /* Future+Error.swift in Sources */ = {isa = PBXBuildFile; fileRef = OBJ_59 /* Future+Error.swift */; };
		OBJ_150 /* Future+ExtraHelpers.swift in Sources */ = {isa = PBXBuildFile; fileRef = OBJ_60 /* Future+ExtraHelpers.swift */; };
		OBJ_151 /* Future+Literals.swift in Sources */ = {isa = PBXBuildFile; fileRef = OBJ_61 /* Future+Literals.swift */; };
		OBJ_152 /* Future.swift in Sources */ = {isa = PBXBuildFile; fileRef = OBJ_62 /* Future.swift */; };
		OBJ_153 /* FutureResult+Thread.swift in Sources */ = {isa = PBXBuildFile; fileRef = OBJ_63 /* FutureResult+Thread.swift */; };
		OBJ_154 /* FutureResult+Timers.swift in Sources */ = {isa = PBXBuildFile; fileRef = OBJ_64 /* FutureResult+Timers.swift */; };
		OBJ_155 /* InputStream.swift in Sources */ = {isa = PBXBuildFile; fileRef = OBJ_65 /* InputStream.swift */; };
		OBJ_156 /* ObservableValue.swift in Sources */ = {isa = PBXBuildFile; fileRef = OBJ_66 /* ObservableValue.swift */; };
		OBJ_157 /* Observation.swift in Sources */ = {isa = PBXBuildFile; fileRef = OBJ_67 /* Observation.swift */; };
		OBJ_158 /* Promise.swift in Sources */ = {isa = PBXBuildFile; fileRef = OBJ_68 /* Promise.swift */; };
		OBJ_159 /* Reactive+Array.swift in Sources */ = {isa = PBXBuildFile; fileRef = OBJ_69 /* Reactive+Array.swift */; };
		OBJ_160 /* Reactive+Optional.swift in Sources */ = {isa = PBXBuildFile; fileRef = OBJ_70 /* Reactive+Optional.swift */; };
		OBJ_161 /* Reactivity+KeyPaths.swift in Sources */ = {isa = PBXBuildFile; fileRef = OBJ_71 /* Reactivity+KeyPaths.swift */; };
		OBJ_162 /* ReadStream.swift in Sources */ = {isa = PBXBuildFile; fileRef = OBJ_72 /* ReadStream.swift */; };
		OBJ_163 /* Base.swift in Sources */ = {isa = PBXBuildFile; fileRef = OBJ_74 /* Base.swift */; };
		OBJ_164 /* AsyncService.swift in Sources */ = {isa = PBXBuildFile; fileRef = OBJ_76 /* AsyncService.swift */; };
		OBJ_165 /* Services.swift in Sources */ = {isa = PBXBuildFile; fileRef = OBJ_77 /* Services.swift */; };
		OBJ_166 /* SyncService.swift in Sources */ = {isa = PBXBuildFile; fileRef = OBJ_78 /* SyncService.swift */; };
		OBJ_167 /* State.swift in Sources */ = {isa = PBXBuildFile; fileRef = OBJ_80 /* State.swift */; };
		OBJ_168 /* ActivityIndicator+Reactivity.swift in Sources */ = {isa = PBXBuildFile; fileRef = OBJ_82 /* ActivityIndicator+Reactivity.swift */; };
		OBJ_169 /* AttributedString+RichText.swift in Sources */ = {isa = PBXBuildFile; fileRef = OBJ_83 /* AttributedString+RichText.swift */; };
		OBJ_170 /* NSCacheStore.swift in Sources */ = {isa = PBXBuildFile; fileRef = OBJ_84 /* NSCacheStore.swift */; };
		OBJ_171 /* RSButton.swift in Sources */ = {isa = PBXBuildFile; fileRef = OBJ_85 /* RSButton.swift */; };
		OBJ_172 /* RockstarApp.swift in Sources */ = {isa = PBXBuildFile; fileRef = OBJ_86 /* RockstarApp.swift */; };
		OBJ_173 /* UIKit+Button.swift in Sources */ = {isa = PBXBuildFile; fileRef = OBJ_87 /* UIKit+Button.swift */; };
		OBJ_174 /* UIKit+Color.swift in Sources */ = {isa = PBXBuildFile; fileRef = OBJ_88 /* UIKit+Color.swift */; };
		OBJ_175 /* UIKit+GUIElement.swift in Sources */ = {isa = PBXBuildFile; fileRef = OBJ_89 /* UIKit+GUIElement.swift */; };
		OBJ_176 /* UIKit+Image.swift in Sources */ = {isa = PBXBuildFile; fileRef = OBJ_90 /* UIKit+Image.swift */; };
		OBJ_177 /* UIKit+Label.swift in Sources */ = {isa = PBXBuildFile; fileRef = OBJ_91 /* UIKit+Label.swift */; };
		OBJ_178 /* UIKit+Navigation.swift in Sources */ = {isa = PBXBuildFile; fileRef = OBJ_92 /* UIKit+Navigation.swift */; };
		OBJ_179 /* UIKit+Platform.swift in Sources */ = {isa = PBXBuildFile; fileRef = OBJ_93 /* UIKit+Platform.swift */; };
		OBJ_180 /* UIKit+Table.swift in Sources */ = {isa = PBXBuildFile; fileRef = OBJ_94 /* UIKit+Table.swift */; };
		OBJ_181 /* UIKit+TableCell.swift in Sources */ = {isa = PBXBuildFile; fileRef = OBJ_95 /* UIKit+TableCell.swift */; };
		OBJ_182 /* UIKit+TableDataSource.swift in Sources */ = {isa = PBXBuildFile; fileRef = OBJ_96 /* UIKit+TableDataSource.swift */; };
		OBJ_183 /* UserDefaultsConfig.swift in Sources */ = {isa = PBXBuildFile; fileRef = OBJ_97 /* UserDefaultsConfig.swift */; };
		OBJ_190 /* Package.swift in Sources */ = {isa = PBXBuildFile; fileRef = OBJ_6 /* Package.swift */; };
		OBJ_201 /* RockstarTests.swift in Sources */ = {isa = PBXBuildFile; fileRef = OBJ_100 /* RockstarTests.swift */; };
		OBJ_202 /* XCTestManifests.swift in Sources */ = {isa = PBXBuildFile; fileRef = OBJ_101 /* XCTestManifests.swift */; };
		OBJ_204 /* Rockstar.framework in Frameworks */ = {isa = PBXBuildFile; fileRef = "Rockstar::Rockstar::Product" /* Rockstar.framework */; };
/* End PBXBuildFile section */

/* Begin PBXContainerItemProxy section */
		2441A8C921206E870037C456 /* PBXContainerItemProxy */ = {
			isa = PBXContainerItemProxy;
			containerPortal = OBJ_1 /* Project object */;
			proxyType = 1;
			remoteGlobalIDString = "Rockstar::Rockstar";
			remoteInfo = Rockstar;
		};
		2441A8CA21206E880037C456 /* PBXContainerItemProxy */ = {
			isa = PBXContainerItemProxy;
			containerPortal = OBJ_1 /* Project object */;
			proxyType = 1;
			remoteGlobalIDString = "Rockstar::RockstarTests";
			remoteInfo = RockstarTests;
		};
/* End PBXContainerItemProxy section */

/* Begin PBXFileReference section */
		OBJ_10 /* AnalyticsCollector.swift */ = {isa = PBXFileReference; lastKnownFileType = sourcecode.swift; path = AnalyticsCollector.swift; sourceTree = "<group>"; };
		OBJ_100 /* RockstarTests.swift */ = {isa = PBXFileReference; lastKnownFileType = sourcecode.swift; path = RockstarTests.swift; sourceTree = "<group>"; };
		OBJ_101 /* XCTestManifests.swift */ = {isa = PBXFileReference; lastKnownFileType = sourcecode.swift; path = XCTestManifests.swift; sourceTree = "<group>"; };
		OBJ_102 /* Example */ = {isa = PBXFileReference; lastKnownFileType = folder; path = Example; sourceTree = SOURCE_ROOT; };
		OBJ_11 /* MeasurementDataTypes.swift */ = {isa = PBXFileReference; lastKnownFileType = sourcecode.swift; path = MeasurementDataTypes.swift; sourceTree = "<group>"; };
		OBJ_13 /* Reference.swift */ = {isa = PBXFileReference; lastKnownFileType = sourcecode.swift; path = Reference.swift; sourceTree = "<group>"; };
		OBJ_14 /* Store.swift */ = {isa = PBXFileReference; lastKnownFileType = sourcecode.swift; path = Store.swift; sourceTree = "<group>"; };
		OBJ_16 /* Configuration.swift */ = {isa = PBXFileReference; lastKnownFileType = sourcecode.swift; path = Configuration.swift; sourceTree = "<group>"; };
		OBJ_18 /* RockstarError.swift */ = {isa = PBXFileReference; lastKnownFileType = sourcecode.swift; path = RockstarError.swift; sourceTree = "<group>"; };
		OBJ_20 /* Application.swift */ = {isa = PBXFileReference; lastKnownFileType = sourcecode.swift; path = Application.swift; sourceTree = "<group>"; };
		OBJ_21 /* GUIBasics.swift */ = {isa = PBXFileReference; lastKnownFileType = sourcecode.swift; path = GUIBasics.swift; sourceTree = "<group>"; };
		OBJ_22 /* Image.swift */ = {isa = PBXFileReference; lastKnownFileType = sourcecode.swift; path = Image.swift; sourceTree = "<group>"; };
		OBJ_23 /* Location.swift */ = {isa = PBXFileReference; lastKnownFileType = sourcecode.swift; path = Location.swift; sourceTree = "<group>"; };
		OBJ_24 /* Platform.swift */ = {isa = PBXFileReference; lastKnownFileType = sourcecode.swift; path = Platform.swift; sourceTree = "<group>"; };
		OBJ_25 /* Reactivity+Text.swift */ = {isa = PBXFileReference; lastKnownFileType = sourcecode.swift; path = "Reactivity+Text.swift"; sourceTree = "<group>"; };
		OBJ_26 /* RichText.swift */ = {isa = PBXFileReference; lastKnownFileType = sourcecode.swift; path = RichText.swift; sourceTree = "<group>"; };
		OBJ_27 /* Theming.swift */ = {isa = PBXFileReference; lastKnownFileType = sourcecode.swift; path = Theming.swift; sourceTree = "<group>"; };
		OBJ_29 /* Byte.swift */ = {isa = PBXFileReference; lastKnownFileType = sourcecode.swift; path = Byte.swift; sourceTree = "<group>"; };
		OBJ_30 /* Environment.swift */ = {isa = PBXFileReference; lastKnownFileType = sourcecode.swift; path = Environment.swift; sourceTree = "<group>"; };
		OBJ_31 /* Error.swift */ = {isa = PBXFileReference; lastKnownFileType = sourcecode.swift; path = Error.swift; sourceTree = "<group>"; };
		OBJ_32 /* Generics.swift */ = {isa = PBXFileReference; lastKnownFileType = sourcecode.swift; path = Generics.swift; sourceTree = "<group>"; };
		OBJ_33 /* ParameterSet.swift */ = {isa = PBXFileReference; lastKnownFileType = sourcecode.swift; path = ParameterSet.swift; sourceTree = "<group>"; };
		OBJ_34 /* Source.swift */ = {isa = PBXFileReference; lastKnownFileType = sourcecode.swift; path = Source.swift; sourceTree = "<group>"; };
		OBJ_35 /* Time.swift */ = {isa = PBXFileReference; lastKnownFileType = sourcecode.swift; path = Time.swift; sourceTree = "<group>"; };
		OBJ_36 /* URL.swift */ = {isa = PBXFileReference; lastKnownFileType = sourcecode.swift; path = URL.swift; sourceTree = "<group>"; };
		OBJ_37 /* Value+OutputStream.swift */ = {isa = PBXFileReference; lastKnownFileType = sourcecode.swift; path = "Value+OutputStream.swift"; sourceTree = "<group>"; };
		OBJ_39 /* Alamofire.swift */ = {isa = PBXFileReference; lastKnownFileType = sourcecode.swift; path = Alamofire.swift; sourceTree = "<group>"; };
		OBJ_40 /* FabricLogger.swift */ = {isa = PBXFileReference; lastKnownFileType = sourcecode.swift; path = FabricLogger.swift; sourceTree = "<group>"; };
		OBJ_41 /* RxSwift.swift */ = {isa = PBXFileReference; lastKnownFileType = sourcecode.swift; path = RxSwift.swift; sourceTree = "<group>"; };
		OBJ_42 /* Texture.swift */ = {isa = PBXFileReference; lastKnownFileType = sourcecode.swift; path = Texture.swift; sourceTree = "<group>"; };
		OBJ_43 /* XCGLogger.swift */ = {isa = PBXFileReference; lastKnownFileType = sourcecode.swift; path = XCGLogger.swift; sourceTree = "<group>"; };
		OBJ_45 /* Logging.swift */ = {isa = PBXFileReference; lastKnownFileType = sourcecode.swift; path = Logging.swift; sourceTree = "<group>"; };
		OBJ_46 /* PrintLogger.swift */ = {isa = PBXFileReference; lastKnownFileType = sourcecode.swift; path = PrintLogger.swift; sourceTree = "<group>"; };
		OBJ_49 /* Content.swift */ = {isa = PBXFileReference; lastKnownFileType = sourcecode.swift; path = Content.swift; sourceTree = "<group>"; };
		OBJ_50 /* HTTP+Content.swift */ = {isa = PBXFileReference; lastKnownFileType = sourcecode.swift; path = "HTTP+Content.swift"; sourceTree = "<group>"; };
		OBJ_51 /* HTTPClient.swift */ = {isa = PBXFileReference; lastKnownFileType = sourcecode.swift; path = HTTPClient.swift; sourceTree = "<group>"; };
		OBJ_52 /* HTTPHeader.swift */ = {isa = PBXFileReference; lastKnownFileType = sourcecode.swift; path = HTTPHeader.swift; sourceTree = "<group>"; };
		OBJ_53 /* HTTPModels.swift */ = {isa = PBXFileReference; lastKnownFileType = sourcecode.swift; path = HTTPModels.swift; sourceTree = "<group>"; };
		OBJ_54 /* Multipart.swift */ = {isa = PBXFileReference; lastKnownFileType = sourcecode.swift; path = Multipart.swift; sourceTree = "<group>"; };
		OBJ_55 /* URLSession.swift */ = {isa = PBXFileReference; lastKnownFileType = sourcecode.swift; path = URLSession.swift; sourceTree = "<group>"; };
		OBJ_57 /* NetworkStatus.swift */ = {isa = PBXFileReference; lastKnownFileType = sourcecode.swift; path = NetworkStatus.swift; sourceTree = "<group>"; };
		OBJ_59 /* Future+Error.swift */ = {isa = PBXFileReference; lastKnownFileType = sourcecode.swift; path = "Future+Error.swift"; sourceTree = "<group>"; };
		OBJ_6 /* Package.swift */ = {isa = PBXFileReference; explicitFileType = sourcecode.swift; path = Package.swift; sourceTree = "<group>"; };
		OBJ_60 /* Future+ExtraHelpers.swift */ = {isa = PBXFileReference; lastKnownFileType = sourcecode.swift; path = "Future+ExtraHelpers.swift"; sourceTree = "<group>"; };
		OBJ_61 /* Future+Literals.swift */ = {isa = PBXFileReference; lastKnownFileType = sourcecode.swift; path = "Future+Literals.swift"; sourceTree = "<group>"; };
		OBJ_62 /* Future.swift */ = {isa = PBXFileReference; lastKnownFileType = sourcecode.swift; path = Future.swift; sourceTree = "<group>"; };
		OBJ_63 /* FutureResult+Thread.swift */ = {isa = PBXFileReference; lastKnownFileType = sourcecode.swift; path = "FutureResult+Thread.swift"; sourceTree = "<group>"; };
		OBJ_64 /* FutureResult+Timers.swift */ = {isa = PBXFileReference; lastKnownFileType = sourcecode.swift; path = "FutureResult+Timers.swift"; sourceTree = "<group>"; };
		OBJ_65 /* InputStream.swift */ = {isa = PBXFileReference; lastKnownFileType = sourcecode.swift; path = InputStream.swift; sourceTree = "<group>"; };
		OBJ_66 /* ObservableValue.swift */ = {isa = PBXFileReference; lastKnownFileType = sourcecode.swift; path = ObservableValue.swift; sourceTree = "<group>"; };
		OBJ_67 /* Observation.swift */ = {isa = PBXFileReference; lastKnownFileType = sourcecode.swift; path = Observation.swift; sourceTree = "<group>"; };
		OBJ_68 /* Promise.swift */ = {isa = PBXFileReference; lastKnownFileType = sourcecode.swift; path = Promise.swift; sourceTree = "<group>"; };
		OBJ_69 /* Reactive+Array.swift */ = {isa = PBXFileReference; lastKnownFileType = sourcecode.swift; path = "Reactive+Array.swift"; sourceTree = "<group>"; };
		OBJ_70 /* Reactive+Optional.swift */ = {isa = PBXFileReference; lastKnownFileType = sourcecode.swift; path = "Reactive+Optional.swift"; sourceTree = "<group>"; };
		OBJ_71 /* Reactivity+KeyPaths.swift */ = {isa = PBXFileReference; lastKnownFileType = sourcecode.swift; path = "Reactivity+KeyPaths.swift"; sourceTree = "<group>"; };
		OBJ_72 /* ReadStream.swift */ = {isa = PBXFileReference; lastKnownFileType = sourcecode.swift; path = ReadStream.swift; sourceTree = "<group>"; };
		OBJ_74 /* Base.swift */ = {isa = PBXFileReference; lastKnownFileType = sourcecode.swift; path = Base.swift; sourceTree = "<group>"; };
		OBJ_76 /* AsyncService.swift */ = {isa = PBXFileReference; lastKnownFileType = sourcecode.swift; path = AsyncService.swift; sourceTree = "<group>"; };
		OBJ_77 /* Services.swift */ = {isa = PBXFileReference; lastKnownFileType = sourcecode.swift; path = Services.swift; sourceTree = "<group>"; };
		OBJ_78 /* SyncService.swift */ = {isa = PBXFileReference; lastKnownFileType = sourcecode.swift; path = SyncService.swift; sourceTree = "<group>"; };
		OBJ_80 /* State.swift */ = {isa = PBXFileReference; lastKnownFileType = sourcecode.swift; path = State.swift; sourceTree = "<group>"; };
		OBJ_82 /* ActivityIndicator+Reactivity.swift */ = {isa = PBXFileReference; lastKnownFileType = sourcecode.swift; path = "ActivityIndicator+Reactivity.swift"; sourceTree = "<group>"; };
		OBJ_83 /* AttributedString+RichText.swift */ = {isa = PBXFileReference; lastKnownFileType = sourcecode.swift; path = "AttributedString+RichText.swift"; sourceTree = "<group>"; };
		OBJ_84 /* NSCacheStore.swift */ = {isa = PBXFileReference; lastKnownFileType = sourcecode.swift; path = NSCacheStore.swift; sourceTree = "<group>"; };
		OBJ_85 /* RSButton.swift */ = {isa = PBXFileReference; lastKnownFileType = sourcecode.swift; path = RSButton.swift; sourceTree = "<group>"; };
		OBJ_86 /* RockstarApp.swift */ = {isa = PBXFileReference; lastKnownFileType = sourcecode.swift; path = RockstarApp.swift; sourceTree = "<group>"; };
		OBJ_87 /* UIKit+Button.swift */ = {isa = PBXFileReference; lastKnownFileType = sourcecode.swift; path = "UIKit+Button.swift"; sourceTree = "<group>"; };
		OBJ_88 /* UIKit+Color.swift */ = {isa = PBXFileReference; lastKnownFileType = sourcecode.swift; path = "UIKit+Color.swift"; sourceTree = "<group>"; };
		OBJ_89 /* UIKit+GUIElement.swift */ = {isa = PBXFileReference; lastKnownFileType = sourcecode.swift; path = "UIKit+GUIElement.swift"; sourceTree = "<group>"; };
		OBJ_90 /* UIKit+Image.swift */ = {isa = PBXFileReference; lastKnownFileType = sourcecode.swift; path = "UIKit+Image.swift"; sourceTree = "<group>"; };
		OBJ_91 /* UIKit+Label.swift */ = {isa = PBXFileReference; lastKnownFileType = sourcecode.swift; path = "UIKit+Label.swift"; sourceTree = "<group>"; };
		OBJ_92 /* UIKit+Navigation.swift */ = {isa = PBXFileReference; lastKnownFileType = sourcecode.swift; path = "UIKit+Navigation.swift"; sourceTree = "<group>"; };
		OBJ_93 /* UIKit+Platform.swift */ = {isa = PBXFileReference; lastKnownFileType = sourcecode.swift; path = "UIKit+Platform.swift"; sourceTree = "<group>"; };
		OBJ_94 /* UIKit+Table.swift */ = {isa = PBXFileReference; lastKnownFileType = sourcecode.swift; path = "UIKit+Table.swift"; sourceTree = "<group>"; };
		OBJ_95 /* UIKit+TableCell.swift */ = {isa = PBXFileReference; lastKnownFileType = sourcecode.swift; path = "UIKit+TableCell.swift"; sourceTree = "<group>"; };
		OBJ_96 /* UIKit+TableDataSource.swift */ = {isa = PBXFileReference; lastKnownFileType = sourcecode.swift; path = "UIKit+TableDataSource.swift"; sourceTree = "<group>"; };
		OBJ_97 /* UserDefaultsConfig.swift */ = {isa = PBXFileReference; lastKnownFileType = sourcecode.swift; path = UserDefaultsConfig.swift; sourceTree = "<group>"; };
		"Rockstar::Rockstar::Product" /* Rockstar.framework */ = {isa = PBXFileReference; explicitFileType = wrapper.framework; path = Rockstar.framework; sourceTree = BUILT_PRODUCTS_DIR; };
		"Rockstar::RockstarTests::Product" /* RockstarTests.xctest */ = {isa = PBXFileReference; lastKnownFileType = file; path = RockstarTests.xctest; sourceTree = BUILT_PRODUCTS_DIR; };
/* End PBXFileReference section */

/* Begin PBXFrameworksBuildPhase section */
		OBJ_184 /* Frameworks */ = {
			isa = PBXFrameworksBuildPhase;
			buildActionMask = 0;
			files = (
			);
			runOnlyForDeploymentPostprocessing = 0;
		};
		OBJ_203 /* Frameworks */ = {
			isa = PBXFrameworksBuildPhase;
			buildActionMask = 0;
			files = (
				OBJ_204 /* Rockstar.framework in Frameworks */,
			);
			runOnlyForDeploymentPostprocessing = 0;
		};
/* End PBXFrameworksBuildPhase section */

/* Begin PBXGroup section */
		OBJ_103 /* Products */ = {
			isa = PBXGroup;
			children = (
				"Rockstar::Rockstar::Product" /* Rockstar.framework */,
				"Rockstar::RockstarTests::Product" /* RockstarTests.xctest */,
			);
			name = Products;
			sourceTree = BUILT_PRODUCTS_DIR;
		};
		OBJ_12 /* Cache */ = {
			isa = PBXGroup;
			children = (
				OBJ_13 /* Reference.swift */,
				OBJ_14 /* Store.swift */,
			);
			path = Cache;
			sourceTree = "<group>";
		};
		OBJ_15 /* Config */ = {
			isa = PBXGroup;
			children = (
				OBJ_16 /* Configuration.swift */,
			);
			path = Config;
			sourceTree = "<group>";
		};
		OBJ_17 /* Errors */ = {
			isa = PBXGroup;
			children = (
				OBJ_18 /* RockstarError.swift */,
			);
			path = Errors;
			sourceTree = "<group>";
		};
		OBJ_19 /* GUI */ = {
			isa = PBXGroup;
			children = (
				OBJ_20 /* Application.swift */,
				OBJ_21 /* GUIBasics.swift */,
				OBJ_22 /* Image.swift */,
				OBJ_23 /* Location.swift */,
				OBJ_24 /* Platform.swift */,
				OBJ_25 /* Reactivity+Text.swift */,
				OBJ_26 /* RichText.swift */,
				OBJ_27 /* Theming.swift */,
			);
			path = GUI;
			sourceTree = "<group>";
		};
		OBJ_28 /* Helpers */ = {
			isa = PBXGroup;
			children = (
				OBJ_29 /* Byte.swift */,
				OBJ_30 /* Environment.swift */,
				OBJ_31 /* Error.swift */,
				OBJ_32 /* Generics.swift */,
				OBJ_33 /* ParameterSet.swift */,
				OBJ_34 /* Source.swift */,
				OBJ_35 /* Time.swift */,
				OBJ_36 /* URL.swift */,
				OBJ_37 /* Value+OutputStream.swift */,
			);
			path = Helpers;
			sourceTree = "<group>";
		};
		OBJ_38 /* Integrations */ = {
			isa = PBXGroup;
			children = (
				OBJ_39 /* Alamofire.swift */,
				OBJ_40 /* FabricLogger.swift */,
				OBJ_41 /* RxSwift.swift */,
				OBJ_42 /* Texture.swift */,
				OBJ_43 /* XCGLogger.swift */,
			);
			path = Integrations;
			sourceTree = "<group>";
		};
		OBJ_44 /* Logging */ = {
			isa = PBXGroup;
			children = (
				OBJ_45 /* Logging.swift */,
				OBJ_46 /* PrintLogger.swift */,
			);
			path = Logging;
			sourceTree = "<group>";
		};
		OBJ_47 /* Networking */ = {
			isa = PBXGroup;
			children = (
				OBJ_48 /* HTTP */,
				OBJ_56 /* Helpers */,
			);
			path = Networking;
			sourceTree = "<group>";
		};
		OBJ_48 /* HTTP */ = {
			isa = PBXGroup;
			children = (
				OBJ_49 /* Content.swift */,
				OBJ_50 /* HTTP+Content.swift */,
				OBJ_51 /* HTTPClient.swift */,
				OBJ_52 /* HTTPHeader.swift */,
				OBJ_53 /* HTTPModels.swift */,
				OBJ_54 /* Multipart.swift */,
				OBJ_55 /* URLSession.swift */,
			);
			path = HTTP;
			sourceTree = "<group>";
		};
		OBJ_5 /*  */ = {
			isa = PBXGroup;
			children = (
				OBJ_6 /* Package.swift */,
				OBJ_7 /* Sources */,
				OBJ_98 /* Tests */,
				OBJ_102 /* Example */,
				OBJ_103 /* Products */,
			);
			name = "";
			sourceTree = "<group>";
		};
		OBJ_56 /* Helpers */ = {
			isa = PBXGroup;
			children = (
				OBJ_57 /* NetworkStatus.swift */,
			);
			path = Helpers;
			sourceTree = "<group>";
		};
		OBJ_58 /* Reactivity */ = {
			isa = PBXGroup;
			children = (
				OBJ_59 /* Future+Error.swift */,
				OBJ_60 /* Future+ExtraHelpers.swift */,
				OBJ_61 /* Future+Literals.swift */,
				OBJ_62 /* Future.swift */,
				OBJ_63 /* FutureResult+Thread.swift */,
				OBJ_64 /* FutureResult+Timers.swift */,
				OBJ_65 /* InputStream.swift */,
				OBJ_66 /* ObservableValue.swift */,
				OBJ_67 /* Observation.swift */,
				OBJ_68 /* Promise.swift */,
				OBJ_69 /* Reactive+Array.swift */,
				OBJ_70 /* Reactive+Optional.swift */,
				OBJ_71 /* Reactivity+KeyPaths.swift */,
				OBJ_72 /* ReadStream.swift */,
			);
			path = Reactivity;
			sourceTree = "<group>";
		};
		OBJ_7 /* Sources */ = {
			isa = PBXGroup;
			children = (
				OBJ_8 /* Rockstar */,
			);
			name = Sources;
			sourceTree = SOURCE_ROOT;
		};
		OBJ_73 /* Rockstar */ = {
			isa = PBXGroup;
			children = (
				OBJ_74 /* Base.swift */,
			);
			path = Rockstar;
			sourceTree = "<group>";
		};
		OBJ_75 /* Services */ = {
			isa = PBXGroup;
			children = (
				OBJ_76 /* AsyncService.swift */,
				OBJ_77 /* Services.swift */,
				OBJ_78 /* SyncService.swift */,
			);
			path = Services;
			sourceTree = "<group>";
		};
		OBJ_79 /* State */ = {
			isa = PBXGroup;
			children = (
				OBJ_80 /* State.swift */,
			);
			path = State;
			sourceTree = "<group>";
		};
		OBJ_8 /* Rockstar */ = {
			isa = PBXGroup;
			children = (
				OBJ_9 /* Analytics */,
				OBJ_12 /* Cache */,
				OBJ_15 /* Config */,
				OBJ_17 /* Errors */,
				OBJ_19 /* GUI */,
				OBJ_28 /* Helpers */,
				OBJ_38 /* Integrations */,
				OBJ_44 /* Logging */,
				OBJ_47 /* Networking */,
				OBJ_58 /* Reactivity */,
				OBJ_73 /* Rockstar */,
				OBJ_75 /* Services */,
				OBJ_79 /* State */,
				OBJ_81 /* UIKit */,
			);
			name = Rockstar;
			path = Sources/Rockstar;
			sourceTree = SOURCE_ROOT;
		};
		OBJ_81 /* UIKit */ = {
			isa = PBXGroup;
			children = (
				OBJ_82 /* ActivityIndicator+Reactivity.swift */,
				OBJ_83 /* AttributedString+RichText.swift */,
				OBJ_84 /* NSCacheStore.swift */,
				OBJ_85 /* RSButton.swift */,
				OBJ_86 /* RockstarApp.swift */,
				OBJ_87 /* UIKit+Button.swift */,
				OBJ_88 /* UIKit+Color.swift */,
				OBJ_89 /* UIKit+GUIElement.swift */,
				OBJ_90 /* UIKit+Image.swift */,
				OBJ_91 /* UIKit+Label.swift */,
				OBJ_92 /* UIKit+Navigation.swift */,
				OBJ_93 /* UIKit+Platform.swift */,
				OBJ_94 /* UIKit+Table.swift */,
				OBJ_95 /* UIKit+TableCell.swift */,
				OBJ_96 /* UIKit+TableDataSource.swift */,
				OBJ_97 /* UserDefaultsConfig.swift */,
			);
			path = UIKit;
			sourceTree = "<group>";
		};
		OBJ_9 /* Analytics */ = {
			isa = PBXGroup;
			children = (
				OBJ_10 /* AnalyticsCollector.swift */,
				OBJ_11 /* MeasurementDataTypes.swift */,
			);
			path = Analytics;
			sourceTree = "<group>";
		};
		OBJ_98 /* Tests */ = {
			isa = PBXGroup;
			children = (
				OBJ_99 /* RockstarTests */,
			);
			name = Tests;
			sourceTree = SOURCE_ROOT;
		};
		OBJ_99 /* RockstarTests */ = {
			isa = PBXGroup;
			children = (
				OBJ_100 /* RockstarTests.swift */,
				OBJ_101 /* XCTestManifests.swift */,
			);
			name = RockstarTests;
			path = Tests/RockstarTests;
			sourceTree = SOURCE_ROOT;
		};
/* End PBXGroup section */

/* Begin PBXNativeTarget section */
		"Rockstar::Rockstar" /* Rockstar */ = {
			isa = PBXNativeTarget;
			buildConfigurationList = OBJ_107 /* Build configuration list for PBXNativeTarget "Rockstar" */;
			buildPhases = (
				OBJ_110 /* Sources */,
				OBJ_184 /* Frameworks */,
			);
			buildRules = (
			);
			dependencies = (
			);
			name = Rockstar;
			productName = Rockstar;
			productReference = "Rockstar::Rockstar::Product" /* Rockstar.framework */;
			productType = "com.apple.product-type.framework";
		};
		"Rockstar::RockstarTests" /* RockstarTests */ = {
			isa = PBXNativeTarget;
			buildConfigurationList = OBJ_197 /* Build configuration list for PBXNativeTarget "RockstarTests" */;
			buildPhases = (
				OBJ_200 /* Sources */,
				OBJ_203 /* Frameworks */,
			);
			buildRules = (
			);
			dependencies = (
				OBJ_205 /* PBXTargetDependency */,
			);
			name = RockstarTests;
			productName = RockstarTests;
			productReference = "Rockstar::RockstarTests::Product" /* RockstarTests.xctest */;
			productType = "com.apple.product-type.bundle.unit-test";
		};
		"Rockstar::SwiftPMPackageDescription" /* RockstarPackageDescription */ = {
			isa = PBXNativeTarget;
			buildConfigurationList = OBJ_186 /* Build configuration list for PBXNativeTarget "RockstarPackageDescription" */;
			buildPhases = (
				OBJ_189 /* Sources */,
			);
			buildRules = (
			);
			dependencies = (
			);
			name = RockstarPackageDescription;
			productName = RockstarPackageDescription;
			productType = "com.apple.product-type.framework";
		};
/* End PBXNativeTarget section */

/* Begin PBXProject section */
		OBJ_1 /* Project object */ = {
			isa = PBXProject;
			attributes = {
				LastUpgradeCheck = 9999;
			};
			buildConfigurationList = OBJ_2 /* Build configuration list for PBXProject "Rockstar" */;
			compatibilityVersion = "Xcode 3.2";
			developmentRegion = English;
			hasScannedForEncodings = 0;
			knownRegions = (
				en,
			);
			mainGroup = OBJ_5 /*  */;
			productRefGroup = OBJ_103 /* Products */;
			projectDirPath = "";
			projectRoot = "";
			targets = (
				"Rockstar::Rockstar" /* Rockstar */,
				"Rockstar::SwiftPMPackageDescription" /* RockstarPackageDescription */,
				"Rockstar::RockstarPackageTests::ProductTarget" /* RockstarPackageTests */,
				"Rockstar::RockstarTests" /* RockstarTests */,
			);
		};
/* End PBXProject section */

/* Begin PBXSourcesBuildPhase section */
		OBJ_110 /* Sources */ = {
			isa = PBXSourcesBuildPhase;
			buildActionMask = 0;
			files = (
				OBJ_111 /* AnalyticsCollector.swift in Sources */,
				OBJ_112 /* MeasurementDataTypes.swift in Sources */,
				OBJ_113 /* Reference.swift in Sources */,
				OBJ_114 /* Store.swift in Sources */,
				OBJ_115 /* Configuration.swift in Sources */,
				OBJ_116 /* RockstarError.swift in Sources */,
				OBJ_117 /* Application.swift in Sources */,
				OBJ_118 /* GUIBasics.swift in Sources */,
				OBJ_119 /* Image.swift in Sources */,
				OBJ_120 /* Location.swift in Sources */,
				OBJ_121 /* Platform.swift in Sources */,
				OBJ_122 /* Reactivity+Text.swift in Sources */,
				OBJ_123 /* RichText.swift in Sources */,
				OBJ_124 /* Theming.swift in Sources */,
				OBJ_125 /* Byte.swift in Sources */,
				OBJ_126 /* Environment.swift in Sources */,
				OBJ_127 /* Error.swift in Sources */,
				OBJ_128 /* Generics.swift in Sources */,
				OBJ_129 /* ParameterSet.swift in Sources */,
				OBJ_130 /* Source.swift in Sources */,
				OBJ_131 /* Time.swift in Sources */,
				OBJ_132 /* URL.swift in Sources */,
				OBJ_133 /* Value+OutputStream.swift in Sources */,
				OBJ_134 /* Alamofire.swift in Sources */,
				OBJ_135 /* FabricLogger.swift in Sources */,
				OBJ_136 /* RxSwift.swift in Sources */,
				OBJ_137 /* Texture.swift in Sources */,
				OBJ_138 /* XCGLogger.swift in Sources */,
				OBJ_139 /* Logging.swift in Sources */,
				OBJ_140 /* PrintLogger.swift in Sources */,
				OBJ_141 /* Content.swift in Sources */,
				OBJ_142 /* HTTP+Content.swift in Sources */,
				OBJ_143 /* HTTPClient.swift in Sources */,
				OBJ_144 /* HTTPHeader.swift in Sources */,
				OBJ_145 /* HTTPModels.swift in Sources */,
				OBJ_146 /* Multipart.swift in Sources */,
				OBJ_147 /* URLSession.swift in Sources */,
				OBJ_148 /* NetworkStatus.swift in Sources */,
				OBJ_149 /* Future+Error.swift in Sources */,
				OBJ_150 /* Future+ExtraHelpers.swift in Sources */,
				OBJ_151 /* Future+Literals.swift in Sources */,
				OBJ_152 /* Future.swift in Sources */,
				OBJ_153 /* FutureResult+Thread.swift in Sources */,
				OBJ_154 /* FutureResult+Timers.swift in Sources */,
				OBJ_155 /* InputStream.swift in Sources */,
				OBJ_156 /* ObservableValue.swift in Sources */,
				OBJ_157 /* Observation.swift in Sources */,
				OBJ_158 /* Promise.swift in Sources */,
				OBJ_159 /* Reactive+Array.swift in Sources */,
				OBJ_160 /* Reactive+Optional.swift in Sources */,
				OBJ_161 /* Reactivity+KeyPaths.swift in Sources */,
				OBJ_162 /* ReadStream.swift in Sources */,
				OBJ_163 /* Base.swift in Sources */,
				OBJ_164 /* AsyncService.swift in Sources */,
				OBJ_165 /* Services.swift in Sources */,
				OBJ_166 /* SyncService.swift in Sources */,
				OBJ_167 /* State.swift in Sources */,
				OBJ_168 /* ActivityIndicator+Reactivity.swift in Sources */,
				OBJ_169 /* AttributedString+RichText.swift in Sources */,
				OBJ_170 /* NSCacheStore.swift in Sources */,
				OBJ_171 /* RSButton.swift in Sources */,
				OBJ_172 /* RockstarApp.swift in Sources */,
				OBJ_173 /* UIKit+Button.swift in Sources */,
				OBJ_174 /* UIKit+Color.swift in Sources */,
				OBJ_175 /* UIKit+GUIElement.swift in Sources */,
				OBJ_176 /* UIKit+Image.swift in Sources */,
				OBJ_177 /* UIKit+Label.swift in Sources */,
				OBJ_178 /* UIKit+Navigation.swift in Sources */,
				OBJ_179 /* UIKit+Platform.swift in Sources */,
				OBJ_180 /* UIKit+Table.swift in Sources */,
				OBJ_181 /* UIKit+TableCell.swift in Sources */,
				OBJ_182 /* UIKit+TableDataSource.swift in Sources */,
				OBJ_183 /* UserDefaultsConfig.swift in Sources */,
			);
			runOnlyForDeploymentPostprocessing = 0;
		};
		OBJ_189 /* Sources */ = {
			isa = PBXSourcesBuildPhase;
			buildActionMask = 0;
			files = (
				OBJ_190 /* Package.swift in Sources */,
			);
			runOnlyForDeploymentPostprocessing = 0;
		};
		OBJ_200 /* Sources */ = {
			isa = PBXSourcesBuildPhase;
			buildActionMask = 0;
			files = (
				OBJ_201 /* RockstarTests.swift in Sources */,
				OBJ_202 /* XCTestManifests.swift in Sources */,
			);
			runOnlyForDeploymentPostprocessing = 0;
		};
/* End PBXSourcesBuildPhase section */

/* Begin PBXTargetDependency section */
		OBJ_195 /* PBXTargetDependency */ = {
			isa = PBXTargetDependency;
			target = "Rockstar::RockstarTests" /* RockstarTests */;
			targetProxy = 2441A8CA21206E880037C456 /* PBXContainerItemProxy */;
		};
		OBJ_205 /* PBXTargetDependency */ = {
			isa = PBXTargetDependency;
			target = "Rockstar::Rockstar" /* Rockstar */;
			targetProxy = 2441A8C921206E870037C456 /* PBXContainerItemProxy */;
		};
/* End PBXTargetDependency section */

/* Begin XCBuildConfiguration section */
		OBJ_108 /* Debug */ = {
			isa = XCBuildConfiguration;
			buildSettings = {
				ENABLE_TESTABILITY = YES;
				FRAMEWORK_SEARCH_PATHS = (
					"$(inherited)",
					"$(PLATFORM_DIR)/Developer/Library/Frameworks",
				);
				HEADER_SEARCH_PATHS = "$(inherited)";
				INFOPLIST_FILE = Rockstar.xcodeproj/Rockstar_Info.plist;
				LD_RUNPATH_SEARCH_PATHS = "$(inherited) $(TOOLCHAIN_DIR)/usr/lib/swift/macosx";
				OTHER_CFLAGS = "$(inherited)";
				OTHER_LDFLAGS = "$(inherited)";
				OTHER_SWIFT_FLAGS = "$(inherited)";
				PRODUCT_BUNDLE_IDENTIFIER = Rockstar;
				PRODUCT_MODULE_NAME = "$(TARGET_NAME:c99extidentifier)";
				PRODUCT_NAME = "$(TARGET_NAME:c99extidentifier)";
				SKIP_INSTALL = YES;
				SWIFT_ACTIVE_COMPILATION_CONDITIONS = "$(inherited)";
				SWIFT_VERSION = 4.0;
				TARGET_NAME = Rockstar;
			};
			name = Debug;
		};
		OBJ_109 /* Release */ = {
			isa = XCBuildConfiguration;
			buildSettings = {
				ENABLE_TESTABILITY = YES;
				FRAMEWORK_SEARCH_PATHS = (
					"$(inherited)",
					"$(PLATFORM_DIR)/Developer/Library/Frameworks",
				);
				HEADER_SEARCH_PATHS = "$(inherited)";
				INFOPLIST_FILE = Rockstar.xcodeproj/Rockstar_Info.plist;
				LD_RUNPATH_SEARCH_PATHS = "$(inherited) $(TOOLCHAIN_DIR)/usr/lib/swift/macosx";
				OTHER_CFLAGS = "$(inherited)";
				OTHER_LDFLAGS = "$(inherited)";
				OTHER_SWIFT_FLAGS = "$(inherited)";
				PRODUCT_BUNDLE_IDENTIFIER = Rockstar;
				PRODUCT_MODULE_NAME = "$(TARGET_NAME:c99extidentifier)";
				PRODUCT_NAME = "$(TARGET_NAME:c99extidentifier)";
				SKIP_INSTALL = YES;
				SWIFT_ACTIVE_COMPILATION_CONDITIONS = "$(inherited)";
				SWIFT_VERSION = 4.0;
				TARGET_NAME = Rockstar;
			};
			name = Release;
		};
		OBJ_187 /* Debug */ = {
			isa = XCBuildConfiguration;
			buildSettings = {
				LD = /usr/bin/true;
				OTHER_SWIFT_FLAGS = "-swift-version 4 -I $(TOOLCHAIN_DIR)/usr/lib/swift/pm/4 -target x86_64-apple-macosx10.10 -sdk /Applications/Xcode.app/Contents/Developer/Platforms/MacOSX.platform/Developer/SDKs/MacOSX10.13.sdk";
				SWIFT_VERSION = 4.0;
			};
			name = Debug;
		};
		OBJ_188 /* Release */ = {
			isa = XCBuildConfiguration;
			buildSettings = {
				LD = /usr/bin/true;
				OTHER_SWIFT_FLAGS = "-swift-version 4 -I $(TOOLCHAIN_DIR)/usr/lib/swift/pm/4 -target x86_64-apple-macosx10.10 -sdk /Applications/Xcode.app/Contents/Developer/Platforms/MacOSX.platform/Developer/SDKs/MacOSX10.13.sdk";
				SWIFT_VERSION = 4.0;
			};
			name = Release;
		};
		OBJ_193 /* Debug */ = {
			isa = XCBuildConfiguration;
			buildSettings = {
			};
			name = Debug;
		};
		OBJ_194 /* Release */ = {
			isa = XCBuildConfiguration;
			buildSettings = {
			};
			name = Release;
		};
		OBJ_198 /* Debug */ = {
			isa = XCBuildConfiguration;
			buildSettings = {
				EMBEDDED_CONTENT_CONTAINS_SWIFT = YES;
				FRAMEWORK_SEARCH_PATHS = (
					"$(inherited)",
					"$(PLATFORM_DIR)/Developer/Library/Frameworks",
				);
				HEADER_SEARCH_PATHS = "$(inherited)";
				INFOPLIST_FILE = Rockstar.xcodeproj/RockstarTests_Info.plist;
				LD_RUNPATH_SEARCH_PATHS = "$(inherited) @loader_path/../Frameworks @loader_path/Frameworks";
				OTHER_CFLAGS = "$(inherited)";
				OTHER_LDFLAGS = "$(inherited)";
				OTHER_SWIFT_FLAGS = "$(inherited)";
				SWIFT_ACTIVE_COMPILATION_CONDITIONS = "$(inherited)";
				SWIFT_VERSION = 4.0;
				TARGET_NAME = RockstarTests;
			};
			name = Debug;
		};
		OBJ_199 /* Release */ = {
			isa = XCBuildConfiguration;
			buildSettings = {
				EMBEDDED_CONTENT_CONTAINS_SWIFT = YES;
				FRAMEWORK_SEARCH_PATHS = (
					"$(inherited)",
					"$(PLATFORM_DIR)/Developer/Library/Frameworks",
				);
				HEADER_SEARCH_PATHS = "$(inherited)";
				INFOPLIST_FILE = Rockstar.xcodeproj/RockstarTests_Info.plist;
				LD_RUNPATH_SEARCH_PATHS = "$(inherited) @loader_path/../Frameworks @loader_path/Frameworks";
				OTHER_CFLAGS = "$(inherited)";
				OTHER_LDFLAGS = "$(inherited)";
				OTHER_SWIFT_FLAGS = "$(inherited)";
				SWIFT_ACTIVE_COMPILATION_CONDITIONS = "$(inherited)";
				SWIFT_VERSION = 4.0;
				TARGET_NAME = RockstarTests;
			};
			name = Release;
		};
		OBJ_3 /* Debug */ = {
			isa = XCBuildConfiguration;
			buildSettings = {
				CLANG_ENABLE_OBJC_ARC = YES;
				COMBINE_HIDPI_IMAGES = YES;
				COPY_PHASE_STRIP = NO;
				DEBUG_INFORMATION_FORMAT = dwarf;
				DYLIB_INSTALL_NAME_BASE = "@rpath";
				ENABLE_NS_ASSERTIONS = YES;
				GCC_OPTIMIZATION_LEVEL = 0;
				GCC_PREPROCESSOR_DEFINITIONS = (
					"DEBUG=1",
					"$(inherited)",
				);
				MACOSX_DEPLOYMENT_TARGET = 10.10;
				ONLY_ACTIVE_ARCH = YES;
				OTHER_SWIFT_FLAGS = "-DXcode";
				PRODUCT_NAME = "$(TARGET_NAME)";
				SDKROOT = macosx;
				SUPPORTED_PLATFORMS = "macosx iphoneos iphonesimulator appletvos appletvsimulator watchos watchsimulator";
				SWIFT_ACTIVE_COMPILATION_CONDITIONS = DEBUG;
				SWIFT_OPTIMIZATION_LEVEL = "-Onone";
				USE_HEADERMAP = NO;
			};
			name = Debug;
		};
		OBJ_4 /* Release */ = {
			isa = XCBuildConfiguration;
			buildSettings = {
				CLANG_ENABLE_OBJC_ARC = YES;
				COMBINE_HIDPI_IMAGES = YES;
				COPY_PHASE_STRIP = YES;
				DEBUG_INFORMATION_FORMAT = "dwarf-with-dsym";
				DYLIB_INSTALL_NAME_BASE = "@rpath";
				GCC_OPTIMIZATION_LEVEL = s;
				MACOSX_DEPLOYMENT_TARGET = 10.10;
				OTHER_SWIFT_FLAGS = "-DXcode";
				PRODUCT_NAME = "$(TARGET_NAME)";
				SDKROOT = macosx;
				SUPPORTED_PLATFORMS = "macosx iphoneos iphonesimulator appletvos appletvsimulator watchos watchsimulator";
				SWIFT_ACTIVE_COMPILATION_CONDITIONS = SWIFT_PACKAGE;
				SWIFT_OPTIMIZATION_LEVEL = "-Owholemodule";
				USE_HEADERMAP = NO;
			};
			name = Release;
		};
/* End XCBuildConfiguration section */

/* Begin XCConfigurationList section */
		OBJ_107 /* Build configuration list for PBXNativeTarget "Rockstar" */ = {
			isa = XCConfigurationList;
			buildConfigurations = (
				OBJ_108 /* Debug */,
				OBJ_109 /* Release */,
			);
			defaultConfigurationIsVisible = 0;
			defaultConfigurationName = Release;
		};
		OBJ_186 /* Build configuration list for PBXNativeTarget "RockstarPackageDescription" */ = {
			isa = XCConfigurationList;
			buildConfigurations = (
				OBJ_187 /* Debug */,
				OBJ_188 /* Release */,
			);
			defaultConfigurationIsVisible = 0;
			defaultConfigurationName = Release;
		};
		OBJ_192 /* Build configuration list for PBXAggregateTarget "RockstarPackageTests" */ = {
			isa = XCConfigurationList;
			buildConfigurations = (
				OBJ_193 /* Debug */,
				OBJ_194 /* Release */,
			);
			defaultConfigurationIsVisible = 0;
			defaultConfigurationName = Release;
		};
		OBJ_197 /* Build configuration list for PBXNativeTarget "RockstarTests" */ = {
			isa = XCConfigurationList;
			buildConfigurations = (
				OBJ_198 /* Debug */,
				OBJ_199 /* Release */,
			);
			defaultConfigurationIsVisible = 0;
			defaultConfigurationName = Release;
		};
		OBJ_2 /* Build configuration list for PBXProject "Rockstar" */ = {
			isa = XCConfigurationList;
			buildConfigurations = (
				OBJ_3 /* Debug */,
				OBJ_4 /* Release */,
			);
			defaultConfigurationIsVisible = 0;
			defaultConfigurationName = Release;
		};
/* End XCConfigurationList section */
	};
	rootObject = OBJ_1 /* Project object */;
}
